{
  "name": "event-invitation-os",
  "version": "1.0.0",
  "lockfileVersion": 3,
  "requires": true,
  "packages": {
    "": {
      "name": "event-invitation-os",
      "version": "1.0.0",
      "dependencies": {},
      "devDependencies": {
        "concurrently": "^8.2.2"
      }
    }
  },
  "dependencies": {}
}